
Microsoft Visual Studio Solution File, Format Version 11.00
# Visual Studio 2010
Project("{FAE04EC0-301F-11D3-BF4B-00C04F79EFBC}") = "AssetManagement", "AssetManagement.csproj", "{43E5BE43-FBA8-48E0-BF6C-69ECB4A007FD}"
EndProject
Global
	GlobalSection(TeamFoundationVersionControl) = preSolution
		SccNumberOfProjects = 2
		SccEnterpriseProvider = {4CA58AB2-18FA-4F8D-95D4-32DDF27D184C}
		SccTeamFoundationServer = http://gpdcsdev01:8080/tfs/dcsdevelopmentteam
		SccLocalPath0 = .
		SccProjectUniqueName1 = AssetManagement.csproj
		SccLocalPath1 = .
	EndGlobalSection
	GlobalSection(SolutionConfigurationPlatforms) = preSolution
		Debug|Any CPU = Debug|Any CPU
		Release|Any CPU = Release|Any CPU
	EndGlobalSection
	GlobalSection(ProjectConfigurationPlatforms) = postSolution
		{43E5BE43-FBA8-48E0-BF6C-69ECB4A007FD}.Debug|Any CPU.ActiveCfg = Debug|Any CPU
		{43E5BE43-FBA8-48E0-BF6C-69ECB4A007FD}.Debug|Any CPU.Build.0 = Debug|Any CPU
		{43E5BE43-FBA8-48E0-BF6C-69ECB4A007FD}.Release|Any CPU.ActiveCfg = Release|Any CPU
		{43E5BE43-FBA8-48E0-BF6C-69ECB4A007FD}.Release|Any CPU.Build.0 = Release|Any CPU
	EndGlobalSection
	GlobalSection(SolutionProperties) = preSolution
		HideSolutionNode = FALSE
	EndGlobalSection
EndGlobal
